
Microsoft Visual Studio Solution File, Format Version 12.00
# Visual Studio Version 17
VisualStudioVersion = 17.8.34511.84
MinimumVisualStudioVersion = 10.0.40219.1
Project("{9A19103F-16F7-4668-BE54-9A1E7A4F7556}") = "TaskManagerServer", "TaskManagerServer\TaskManagerServer.csproj", "{A2EF3A6B-0B63-4133-A0FC-7B1D5187FCB1}"
EndProject
Project("{9A19103F-16F7-4668-BE54-9A1E7A4F7556}") = "Models", "Models\Models.csproj", "{83189D4C-5959-4FC6-A1BB-33DB1D5AE0FA}"
EndProject
Project("{9A19103F-16F7-4668-BE54-9A1E7A4F7556}") = "SQLDataManager", "SQLDataManager\SQLDataManager.csproj", "{11A56848-DAB1-4103-ACD7-6F1377F006A2}"
EndProject
Project("{9A19103F-16F7-4668-BE54-9A1E7A4F7556}") = "DAL", "DAL\DAL.csproj", "{E39AF5C8-3568-40A5-A020-AA9D94D455DC}"
EndProject
Project("{9A19103F-16F7-4668-BE54-9A1E7A4F7556}") = "BLL", "BLL\BLL.csproj", "{157A33C7-8335-47C2-ABA2-BCD1B8FC6673}"
EndProject
Global
	GlobalSection(SolutionConfigurationPlatforms) = preSolution
		Debug|Any CPU = Debug|Any CPU
		Release|Any CPU = Release|Any CPU
	EndGlobalSection
	GlobalSection(ProjectConfigurationPlatforms) = postSolution
		{A2EF3A6B-0B63-4133-A0FC-7B1D5187FCB1}.Debug|Any CPU.ActiveCfg = Debug|Any CPU
		{A2EF3A6B-0B63-4133-A0FC-7B1D5187FCB1}.Debug|Any CPU.Build.0 = Debug|Any CPU
		{A2EF3A6B-0B63-4133-A0FC-7B1D5187FCB1}.Release|Any CPU.ActiveCfg = Release|Any CPU
		{A2EF3A6B-0B63-4133-A0FC-7B1D5187FCB1}.Release|Any CPU.Build.0 = Release|Any CPU
		{83189D4C-5959-4FC6-A1BB-33DB1D5AE0FA}.Debug|Any CPU.ActiveCfg = Debug|Any CPU
		{83189D4C-5959-4FC6-A1BB-33DB1D5AE0FA}.Debug|Any CPU.Build.0 = Debug|Any CPU
		{83189D4C-5959-4FC6-A1BB-33DB1D5AE0FA}.Release|Any CPU.ActiveCfg = Release|Any CPU
		{83189D4C-5959-4FC6-A1BB-33DB1D5AE0FA}.Release|Any CPU.Build.0 = Release|Any CPU
		{11A56848-DAB1-4103-ACD7-6F1377F006A2}.Debug|Any CPU.ActiveCfg = Debug|Any CPU
		{11A56848-DAB1-4103-ACD7-6F1377F006A2}.Debug|Any CPU.Build.0 = Debug|Any CPU
		{11A56848-DAB1-4103-ACD7-6F1377F006A2}.Release|Any CPU.ActiveCfg = Release|Any CPU
		{11A56848-DAB1-4103-ACD7-6F1377F006A2}.Release|Any CPU.Build.0 = Release|Any CPU
		{E39AF5C8-3568-40A5-A020-AA9D94D455DC}.Debug|Any CPU.ActiveCfg = Debug|Any CPU
		{E39AF5C8-3568-40A5-A020-AA9D94D455DC}.Debug|Any CPU.Build.0 = Debug|Any CPU
		{E39AF5C8-3568-40A5-A020-AA9D94D455DC}.Release|Any CPU.ActiveCfg = Release|Any CPU
		{E39AF5C8-3568-40A5-A020-AA9D94D455DC}.Release|Any CPU.Build.0 = Release|Any CPU
		{157A33C7-8335-47C2-ABA2-BCD1B8FC6673}.Debug|Any CPU.ActiveCfg = Debug|Any CPU
		{157A33C7-8335-47C2-ABA2-BCD1B8FC6673}.Debug|Any CPU.Build.0 = Debug|Any CPU
		{157A33C7-8335-47C2-ABA2-BCD1B8FC6673}.Release|Any CPU.ActiveCfg = Release|Any CPU
		{157A33C7-8335-47C2-ABA2-BCD1B8FC6673}.Release|Any CPU.Build.0 = Release|Any CPU
	EndGlobalSection
	GlobalSection(SolutionProperties) = preSolution
		HideSolutionNode = FALSE
	EndGlobalSection
	GlobalSection(ExtensibilityGlobals) = postSolution
		SolutionGuid = {85BEDEE9-7047-4EC5-8595-1006B80AD03F}
	EndGlobalSection
EndGlobal
