
Microsoft Visual Studio Solution File, Format Version 12.00
# Visual Studio Version 17
VisualStudioVersion = 17.8.34511.84
MinimumVisualStudioVersion = 10.0.40219.1
Project("{9A19103F-16F7-4668-BE54-9A1E7A4F7556}") = "TaskManagerServer", "TaskManagerServer\TaskManagerServer.csproj", "{A2EF3A6B-0B63-4133-A0FC-7B1D5187FCB1}"
EndProject
Project("{FAE04EC0-301F-11D3-BF4B-00C04F79EFBC}") = "ConsoleTaskManager", "ConsoleTaskManager\ConsoleTaskManager.csproj", "{F0C7CBC9-78EA-42E8-8363-3CBD3B06F3FD}"
EndProject
Project("{FAE04EC0-301F-11D3-BF4B-00C04F79EFBC}") = "Models", "Models\Models.csproj", "{83189D4C-5959-4FC6-A1BB-33DB1D5AE0FA}"
EndProject
Global
	GlobalSection(SolutionConfigurationPlatforms) = preSolution
		Debug|Any CPU = Debug|Any CPU
		Release|Any CPU = Release|Any CPU
	EndGlobalSection
	GlobalSection(ProjectConfigurationPlatforms) = postSolution
		{A2EF3A6B-0B63-4133-A0FC-7B1D5187FCB1}.Debug|Any CPU.ActiveCfg = Debug|Any CPU
		{A2EF3A6B-0B63-4133-A0FC-7B1D5187FCB1}.Debug|Any CPU.Build.0 = Debug|Any CPU
		{A2EF3A6B-0B63-4133-A0FC-7B1D5187FCB1}.Release|Any CPU.ActiveCfg = Release|Any CPU
		{A2EF3A6B-0B63-4133-A0FC-7B1D5187FCB1}.Release|Any CPU.Build.0 = Release|Any CPU
		{F0C7CBC9-78EA-42E8-8363-3CBD3B06F3FD}.Debug|Any CPU.ActiveCfg = Debug|Any CPU
		{F0C7CBC9-78EA-42E8-8363-3CBD3B06F3FD}.Debug|Any CPU.Build.0 = Debug|Any CPU
		{F0C7CBC9-78EA-42E8-8363-3CBD3B06F3FD}.Release|Any CPU.ActiveCfg = Release|Any CPU
		{F0C7CBC9-78EA-42E8-8363-3CBD3B06F3FD}.Release|Any CPU.Build.0 = Release|Any CPU
		{83189D4C-5959-4FC6-A1BB-33DB1D5AE0FA}.Debug|Any CPU.ActiveCfg = Debug|Any CPU
		{83189D4C-5959-4FC6-A1BB-33DB1D5AE0FA}.Debug|Any CPU.Build.0 = Debug|Any CPU
		{83189D4C-5959-4FC6-A1BB-33DB1D5AE0FA}.Release|Any CPU.ActiveCfg = Release|Any CPU
		{83189D4C-5959-4FC6-A1BB-33DB1D5AE0FA}.Release|Any CPU.Build.0 = Release|Any CPU
	EndGlobalSection
	GlobalSection(SolutionProperties) = preSolution
		HideSolutionNode = FALSE
	EndGlobalSection
	GlobalSection(ExtensibilityGlobals) = postSolution
		SolutionGuid = {85BEDEE9-7047-4EC5-8595-1006B80AD03F}
	EndGlobalSection
EndGlobal
